{
  "nodes": {
    "caelestia-cli": {
      "inputs": {
        "caelestia-shell": [
          "caelestiaShell"
        ],
        "nixpkgs": [
          "caelestiaShell",
          "nixpkgs"
        ]
      },
      "locked": {
        "lastModified": 1764813773,
        "narHash": "sha256-vpgjBAER+aoMjq6z9xuv/jvniXkRRgP/xfZMP2LbNlk=",
        "owner": "caelestia-dots",
        "repo": "cli",
        "rev": "1eead8615108e1977ac09ed428e1329adbb80f00",
        "type": "github"
      },
      "original": {
        "owner": "caelestia-dots",
        "repo": "cli",
        "type": "github"
      }
    },
    "caelestiaShell": {
      "inputs": {
        "caelestia-cli": "caelestia-cli",
        "nixpkgs": [
          "nixpkgs"
        ],
        "quickshell": "quickshell"
      },
      "locked": {
        "lastModified": 1765071049,
        "narHash": "sha256-HIJtxkYaGxUFZ03wOzF4pWhKWAvFuYBN9jAdhCzZvnI=",
        "owner": "caelestia-dots",
        "repo": "shell",
        "rev": "982d64d5e5b9295d12dec37d45442ed6a05fe284",
        "type": "github"
      },
      "original": {
        "owner": "caelestia-dots",
        "repo": "shell",
        "type": "github"
      }
    },
    "flake-compat": {
      "flake": false,
      "locked": {
        "lastModified": 1751685974,
        "narHash": "sha256-NKw96t+BgHIYzHUjkTK95FqYRVKB8DHpVhefWSz/kTw=",
        "ref": "refs/heads/main",
        "rev": "549f2762aebeff29a2e5ece7a7dc0f955281a1d1",
        "revCount": 92,
        "type": "git",
        "url": "https://git.lix.systems/lix-project/flake-compat.git"
      },
      "original": {
        "type": "git",
        "url": "https://git.lix.systems/lix-project/flake-compat.git"
      }
    },
    "flake-parts": {
      "inputs": {
        "nixpkgs-lib": [
          "nvf",
          "nixpkgs"
        ]
      },
      "locked": {
        "lastModified": 1760948891,
        "narHash": "sha256-TmWcdiUUaWk8J4lpjzu4gCGxWY6/Ok7mOK4fIFfBuU4=",
        "owner": "hercules-ci",
        "repo": "flake-parts",
        "rev": "864599284fc7c0ba6357ed89ed5e2cd5040f0c04",
        "type": "github"
      },
      "original": {
        "owner": "hercules-ci",
        "repo": "flake-parts",
        "type": "github"
      }
    },
    "home-manager": {
      "inputs": {
        "nixpkgs": [
          "nixpkgs"
        ]
      },
      "locked": {
        "lastModified": 1765170903,
        "narHash": "sha256-O8VTGey1xxiRW+Fpb+Ps9zU7ShmxUA1a7cMTcENCVNg=",
        "owner": "nix-community",
        "repo": "home-manager",
        "rev": "20561be440a11ec57a89715480717baf19fe6343",
        "type": "github"
      },
      "original": {
        "owner": "nix-community",
        "ref": "release-25.11",
        "repo": "home-manager",
        "type": "github"
      }
    },
    "mnw": {
      "locked": {
        "lastModified": 1758834834,
        "narHash": "sha256-Y7IvY4F8vajZyp3WGf+KaiIVwondEkMFkt92Cr9NZmg=",
        "owner": "Gerg-L",
        "repo": "mnw",
        "rev": "cfbc7d1cc832e318d0863a5fc91d940a96034001",
        "type": "github"
      },
      "original": {
        "owner": "Gerg-L",
        "repo": "mnw",
        "type": "github"
      }
    },
    "nixpkgs": {
      "locked": {
        "lastModified": 1764983851,
        "narHash": "sha256-y7RPKl/jJ/KAP/VKLMghMgXTlvNIJMHKskl8/Uuar7o=",
        "owner": "nixos",
        "repo": "nixpkgs",
        "rev": "d9bc5c7dceb30d8d6fafa10aeb6aa8a48c218454",
        "type": "github"
      },
      "original": {
        "owner": "nixos",
        "ref": "nixos-25.11",
        "repo": "nixpkgs",
        "type": "github"
      }
    },
    "nixpkgs-unstable": {
      "locked": {
        "lastModified": 1764947035,
        "narHash": "sha256-EYHSjVM4Ox4lvCXUMiKKs2vETUSL5mx+J2FfutM7T9w=",
        "owner": "nixos",
        "repo": "nixpkgs",
        "rev": "a672be65651c80d3f592a89b3945466584a22069",
        "type": "github"
      },
      "original": {
        "owner": "nixos",
        "ref": "nixpkgs-unstable",
        "repo": "nixpkgs",
        "type": "github"
      }
    },
    "nixpkgs_2": {
      "locked": {
        "lastModified": 1764950072,
        "narHash": "sha256-BmPWzogsG2GsXZtlT+MTcAWeDK5hkbGRZTeZNW42fwA=",
        "owner": "NixOS",
        "repo": "nixpkgs",
        "rev": "f61125a668a320878494449750330ca58b78c557",
        "type": "github"
      },
      "original": {
        "owner": "NixOS",
        "ref": "nixos-unstable",
        "repo": "nixpkgs",
        "type": "github"
      }
    },
    "nvf": {
      "inputs": {
        "flake-compat": "flake-compat",
        "flake-parts": "flake-parts",
        "mnw": "mnw",
        "nixpkgs": [
          "nixpkgs-unstable"
        ],
        "systems": "systems"
      },
      "locked": {
        "lastModified": 1765119282,
        "narHash": "sha256-iI0fuBBYJMnOprGD2L+rum2P8lHMcZ5n35hzdlpwayI=",
        "owner": "NotAShelf",
        "repo": "nvf",
        "rev": "26c4a7e3c33e739d474ddaf52aa4c5f3d11922ba",
        "type": "github"
      },
      "original": {
        "owner": "NotAShelf",
        "repo": "nvf",
        "type": "github"
      }
    },
    "quickshell": {
      "inputs": {
        "nixpkgs": [
          "caelestiaShell",
          "nixpkgs"
        ]
      },
      "locked": {
        "lastModified": 1764663772,
        "narHash": "sha256-sHqLmm0wAt3PC4vczJeBozI1/f4rv9yp3IjkClHDXDs=",
        "ref": "refs/heads/master",
        "rev": "26531fc46ef17e9365b03770edd3fb9206fcb460",
        "revCount": 713,
        "type": "git",
        "url": "https://git.outfoxxed.me/outfoxxed/quickshell"
      },
      "original": {
        "type": "git",
        "url": "https://git.outfoxxed.me/outfoxxed/quickshell"
      }
    },
    "quickshell_2": {
      "inputs": {
        "nixpkgs": [
          "nixpkgs"
        ]
      },
      "locked": {
        "lastModified": 1764663772,
        "narHash": "sha256-sHqLmm0wAt3PC4vczJeBozI1/f4rv9yp3IjkClHDXDs=",
        "ref": "refs/heads/master",
        "rev": "26531fc46ef17e9365b03770edd3fb9206fcb460",
        "revCount": 713,
        "type": "git",
        "url": "https://git.outfoxxed.me/outfoxxed/quickshell"
      },
      "original": {
        "type": "git",
        "url": "https://git.outfoxxed.me/outfoxxed/quickshell"
      }
    },
    "root": {
      "inputs": {
        "caelestiaShell": "caelestiaShell",
        "home-manager": "home-manager",
        "nixpkgs": "nixpkgs",
        "nixpkgs-unstable": "nixpkgs-unstable",
        "nvf": "nvf",
        "quickshell": "quickshell_2",
        "spicetify-nix": "spicetify-nix"
      }
    },
    "spicetify-nix": {
      "inputs": {
        "nixpkgs": "nixpkgs_2",
        "systems": "systems_2"
      },
      "locked": {
        "lastModified": 1765082296,
        "narHash": "sha256-EcefoixU9ht+P6QB/TfjLY9E3MdJVfeSec6G8Ges0pA=",
        "owner": "Gerg-L",
        "repo": "spicetify-nix",
        "rev": "ac4927ea1ec7e7ea3635a1d8b933106a596c4356",
        "type": "github"
      },
      "original": {
        "owner": "Gerg-L",
        "repo": "spicetify-nix",
        "type": "github"
      }
    },
    "systems": {
      "locked": {
        "lastModified": 1681028828,
        "narHash": "sha256-Vy1rq5AaRuLzOxct8nz4T6wlgyUR7zLU309k9mBC768=",
        "owner": "nix-systems",
        "repo": "default",
        "rev": "da67096a3b9bf56a91d16901293e51ba5b49a27e",
        "type": "github"
      },
      "original": {
        "owner": "nix-systems",
        "repo": "default",
        "type": "github"
      }
    },
    "systems_2": {
      "locked": {
        "lastModified": 1681028828,
        "narHash": "sha256-Vy1rq5AaRuLzOxct8nz4T6wlgyUR7zLU309k9mBC768=",
        "owner": "nix-systems",
        "repo": "default",
        "rev": "da67096a3b9bf56a91d16901293e51ba5b49a27e",
        "type": "github"
      },
      "original": {
        "owner": "nix-systems",
        "repo": "default",
        "type": "github"
      }
    }
  },
  "root": "root",
  "version": 7
}
